
Microsoft Visual Studio Solution File, Format Version 12.00
# Visual Studio Version 16
VisualStudioVersion = 16.0.30413.136
MinimumVisualStudioVersion = 10.0.40219.1
Project("{FAE04EC0-301F-11D3-BF4B-00C04F79EFBC}") = "GerenciadorCondominios", "GerenciadorCondominios\GerenciadorCondominios.csproj", "{DC5169E5-7A97-43A8-BC73-0F2B6FC78ECE}"
EndProject
Project("{FAE04EC0-301F-11D3-BF4B-00C04F79EFBC}") = "DAL", "DAL\DAL.csproj", "{79C5E149-A496-44B2-B40C-CB0EF4A409A5}"
EndProject
Project("{FAE04EC0-301F-11D3-BF4B-00C04F79EFBC}") = "BLL", "BLL\BLL.csproj", "{49FE074B-A71C-4EAF-B2A1-9294CF00A56B}"
EndProject
Global
	GlobalSection(SolutionConfigurationPlatforms) = preSolution
		Debug|Any CPU = Debug|Any CPU
		Release|Any CPU = Release|Any CPU
	EndGlobalSection
	GlobalSection(ProjectConfigurationPlatforms) = postSolution
		{DC5169E5-7A97-43A8-BC73-0F2B6FC78ECE}.Debug|Any CPU.ActiveCfg = Debug|Any CPU
		{DC5169E5-7A97-43A8-BC73-0F2B6FC78ECE}.Debug|Any CPU.Build.0 = Debug|Any CPU
		{DC5169E5-7A97-43A8-BC73-0F2B6FC78ECE}.Release|Any CPU.ActiveCfg = Release|Any CPU
		{DC5169E5-7A97-43A8-BC73-0F2B6FC78ECE}.Release|Any CPU.Build.0 = Release|Any CPU
		{79C5E149-A496-44B2-B40C-CB0EF4A409A5}.Debug|Any CPU.ActiveCfg = Debug|Any CPU
		{79C5E149-A496-44B2-B40C-CB0EF4A409A5}.Debug|Any CPU.Build.0 = Debug|Any CPU
		{79C5E149-A496-44B2-B40C-CB0EF4A409A5}.Release|Any CPU.ActiveCfg = Release|Any CPU
		{79C5E149-A496-44B2-B40C-CB0EF4A409A5}.Release|Any CPU.Build.0 = Release|Any CPU
		{49FE074B-A71C-4EAF-B2A1-9294CF00A56B}.Debug|Any CPU.ActiveCfg = Debug|Any CPU
		{49FE074B-A71C-4EAF-B2A1-9294CF00A56B}.Debug|Any CPU.Build.0 = Debug|Any CPU
		{49FE074B-A71C-4EAF-B2A1-9294CF00A56B}.Release|Any CPU.ActiveCfg = Release|Any CPU
		{49FE074B-A71C-4EAF-B2A1-9294CF00A56B}.Release|Any CPU.Build.0 = Release|Any CPU
	EndGlobalSection
	GlobalSection(SolutionProperties) = preSolution
		HideSolutionNode = FALSE
	EndGlobalSection
	GlobalSection(ExtensibilityGlobals) = postSolution
		SolutionGuid = {E4F10E85-4573-4EEB-A320-09DD3EA6F8A8}
	EndGlobalSection
EndGlobal
